// !$*UTF8*$!
{
	archiveVersion = 1;
	classes = {
	};
	objectVersion = 56;
	objects = {

/* Begin PBXBuildFile section */
		DB750E112A420E2C00E4B07C /* AppDelegate.swift in Sources */ = {isa = PBXBuildFile; fileRef = DB750E102A420E2C00E4B07C /* AppDelegate.swift */; };
		DB750E1B2A420E2C00E4B07C /* MeteoApp.xcdatamodeld in Sources */ = {isa = PBXBuildFile; fileRef = DB750E192A420E2C00E4B07C /* MeteoApp.xcdatamodeld */; };
		DB750E1D2A420E2F00E4B07C /* Assets.xcassets in Resources */ = {isa = PBXBuildFile; fileRef = DB750E1C2A420E2F00E4B07C /* Assets.xcassets */; };
		DB750E202A420E2F00E4B07C /* LaunchScreen.storyboard in Resources */ = {isa = PBXBuildFile; fileRef = DB750E1E2A420E2F00E4B07C /* LaunchScreen.storyboard */; };
		DB750E2B2A420E3000E4B07C /* MeteoAppTests.swift in Sources */ = {isa = PBXBuildFile; fileRef = DB750E2A2A420E3000E4B07C /* MeteoAppTests.swift */; };
		DB750E352A420E3000E4B07C /* MeteoAppUITests.swift in Sources */ = {isa = PBXBuildFile; fileRef = DB750E342A420E3000E4B07C /* MeteoAppUITests.swift */; };
		DB750E372A420E3000E4B07C /* MeteoAppUITestsLaunchTests.swift in Sources */ = {isa = PBXBuildFile; fileRef = DB750E362A420E3000E4B07C /* MeteoAppUITestsLaunchTests.swift */; };
		DB750E452A4215B300E4B07C /* Bindable.swift in Sources */ = {isa = PBXBuildFile; fileRef = DB750E442A4215B300E4B07C /* Bindable.swift */; };
		DB750E492A421DF900E4B07C /* MeteoAPI in Frameworks */ = {isa = PBXBuildFile; productRef = DB750E482A421DF900E4B07C /* MeteoAPI */; };
		DB750E4B2A42368C00E4B07C /* MeteoService.swift in Sources */ = {isa = PBXBuildFile; fileRef = DB750E4A2A42368C00E4B07C /* MeteoService.swift */; };
		DB750E4F2A42371600E4B07C /* Constants.swift in Sources */ = {isa = PBXBuildFile; fileRef = DB750E4E2A42371600E4B07C /* Constants.swift */; };
		DB750E582A4237D100E4B07C /* CityResponse.swift in Sources */ = {isa = PBXBuildFile; fileRef = DB750E512A4237CF00E4B07C /* CityResponse.swift */; };
		DB750E592A4237D100E4B07C /* Coord.swift in Sources */ = {isa = PBXBuildFile; fileRef = DB750E522A4237D000E4B07C /* Coord.swift */; };
		DB750E5A2A4237D100E4B07C /* Wind.swift in Sources */ = {isa = PBXBuildFile; fileRef = DB750E532A4237D000E4B07C /* Wind.swift */; };
		DB750E5C2A4237D100E4B07C /* WeatherDetails.swift in Sources */ = {isa = PBXBuildFile; fileRef = DB750E552A4237D000E4B07C /* WeatherDetails.swift */; };
		DB750E5E2A4237D100E4B07C /* Main.swift in Sources */ = {isa = PBXBuildFile; fileRef = DB750E572A4237D100E4B07C /* Main.swift */; };
		DB750E642A423AAD00E4B07C /* AddCityViewModel.swift in Sources */ = {isa = PBXBuildFile; fileRef = DB750E632A423AAD00E4B07C /* AddCityViewModel.swift */; };
		DB750E692A42417E00E4B07C /* CityTableViewCell.swift in Sources */ = {isa = PBXBuildFile; fileRef = DB750E672A42417E00E4B07C /* CityTableViewCell.swift */; };
		DB750E6A2A42417E00E4B07C /* CityTableViewCell.xib in Resources */ = {isa = PBXBuildFile; fileRef = DB750E682A42417E00E4B07C /* CityTableViewCell.xib */; };
		DB750E6D2A42452B00E4B07C /* UITableView+extension.swift in Sources */ = {isa = PBXBuildFile; fileRef = DB750E6C2A42452B00E4B07C /* UITableView+extension.swift */; };
		DB750E702A42F10800E4B07C /* UIView+extension.swift in Sources */ = {isa = PBXBuildFile; fileRef = DB750E6F2A42F10800E4B07C /* UIView+extension.swift */; };
		DB750E722A42F2DE00E4B07C /* Colors.swift in Sources */ = {isa = PBXBuildFile; fileRef = DB750E712A42F2DE00E4B07C /* Colors.swift */; };
		DB750E742A42F38900E4B07C /* UIViewController+extension.swift in Sources */ = {isa = PBXBuildFile; fileRef = DB750E732A42F38900E4B07C /* UIViewController+extension.swift */; };
		DB750E762A42F58400E4B07C /* UIActivityIndicatorView+extension.swift in Sources */ = {isa = PBXBuildFile; fileRef = DB750E752A42F58400E4B07C /* UIActivityIndicatorView+extension.swift */; };
		DB750E782A42F86700E4B07C /* UIButton+extension.swift in Sources */ = {isa = PBXBuildFile; fileRef = DB750E772A42F86700E4B07C /* UIButton+extension.swift */; };
		DB7F331C2A4792750039D086 /* WeatherResponse.swift in Sources */ = {isa = PBXBuildFile; fileRef = DB7F331B2A4792750039D086 /* WeatherResponse.swift */; };
		DB7F331E2A484D340039D086 /* WeatherItem.swift in Sources */ = {isa = PBXBuildFile; fileRef = DB7F331D2A484D340039D086 /* WeatherItem.swift */; };
		DB7F33212A48A30B0039D086 /* CoreDataManager.swift in Sources */ = {isa = PBXBuildFile; fileRef = DB7F33202A48A30B0039D086 /* CoreDataManager.swift */; };
		DB7F33262A48A7FA0039D086 /* SWeather+CoreDataClass.swift in Sources */ = {isa = PBXBuildFile; fileRef = DB7F33222A48A7FA0039D086 /* SWeather+CoreDataClass.swift */; };
		DB7F33272A48A7FA0039D086 /* SWeather+CoreDataProperties.swift in Sources */ = {isa = PBXBuildFile; fileRef = DB7F33232A48A7FA0039D086 /* SWeather+CoreDataProperties.swift */; };
		DB7F33282A48A7FA0039D086 /* SCity+CoreDataClass.swift in Sources */ = {isa = PBXBuildFile; fileRef = DB7F33242A48A7FA0039D086 /* SCity+CoreDataClass.swift */; };
		DB7F33292A48A7FA0039D086 /* SCity+CoreDataProperties.swift in Sources */ = {isa = PBXBuildFile; fileRef = DB7F33252A48A7FA0039D086 /* SCity+CoreDataProperties.swift */; };
		DB7F332D2A48B1630039D086 /* CitiesViewController.swift in Sources */ = {isa = PBXBuildFile; fileRef = DB7F332B2A48B1630039D086 /* CitiesViewController.swift */; };
		DB7F332E2A48B1630039D086 /* CitiesViewController.xib in Resources */ = {isa = PBXBuildFile; fileRef = DB7F332C2A48B1630039D086 /* CitiesViewController.xib */; };
		DBF295C52A434957009C77A1 /* CityCellViewModel.swift in Sources */ = {isa = PBXBuildFile; fileRef = DBF295C42A434957009C77A1 /* CityCellViewModel.swift */; };
		DBF295C72A434AAF009C77A1 /* UILabel+extension.swift in Sources */ = {isa = PBXBuildFile; fileRef = DBF295C62A434AAF009C77A1 /* UILabel+extension.swift */; };
		DBF295C92A434C88009C77A1 /* CityWeather.swift in Sources */ = {isa = PBXBuildFile; fileRef = DBF295C82A434C88009C77A1 /* CityWeather.swift */; };
		DBF295CB2A446223009C77A1 /* UIImageView+extension.swift in Sources */ = {isa = PBXBuildFile; fileRef = DBF295CA2A446223009C77A1 /* UIImageView+extension.swift */; };
		DBF295E42A44EC99009C77A1 /* AppCoordinator.swift in Sources */ = {isa = PBXBuildFile; fileRef = DBF295E32A44EC99009C77A1 /* AppCoordinator.swift */; };
		DBF295E62A44ECC9009C77A1 /* Coordinator.swift in Sources */ = {isa = PBXBuildFile; fileRef = DBF295E52A44ECC9009C77A1 /* Coordinator.swift */; };
		DBF295ED2A46FC56009C77A1 /* DetailsViewController.swift in Sources */ = {isa = PBXBuildFile; fileRef = DBF295EB2A46FC56009C77A1 /* DetailsViewController.swift */; };
		DBF295EE2A46FC56009C77A1 /* DetailsViewController.xib in Resources */ = {isa = PBXBuildFile; fileRef = DBF295EC2A46FC56009C77A1 /* DetailsViewController.xib */; };
		DBF295F02A46FCFB009C77A1 /* DetailsViewModel.swift in Sources */ = {isa = PBXBuildFile; fileRef = DBF295EF2A46FCFB009C77A1 /* DetailsViewModel.swift */; };
		DBF295F22A4717B7009C77A1 /* UICollectionView+extension.swift in Sources */ = {isa = PBXBuildFile; fileRef = DBF295F12A4717B7009C77A1 /* UICollectionView+extension.swift */; };
		DBF295F62A471ADC009C77A1 /* WeekCollectionViewCell.swift in Sources */ = {isa = PBXBuildFile; fileRef = DBF295F42A471ADC009C77A1 /* WeekCollectionViewCell.swift */; };
		DBF295F72A471ADC009C77A1 /* WeekCollectionViewCell.xib in Resources */ = {isa = PBXBuildFile; fileRef = DBF295F52A471ADC009C77A1 /* WeekCollectionViewCell.xib */; };
		DBF295F92A473ED7009C77A1 /* WeekCellViewModel.swift in Sources */ = {isa = PBXBuildFile; fileRef = DBF295F82A473ED7009C77A1 /* WeekCellViewModel.swift */; };
		DBF295FB2A474044009C77A1 /* CitiesViewModel.swift in Sources */ = {isa = PBXBuildFile; fileRef = DBF295FA2A474044009C77A1 /* CitiesViewModel.swift */; };
		DBF295FE2A47431E009C77A1 /* AddCityViewController.swift in Sources */ = {isa = PBXBuildFile; fileRef = DBF295FC2A47431E009C77A1 /* AddCityViewController.swift */; };
		DBF295FF2A47431E009C77A1 /* AddCityViewController.xib in Resources */ = {isa = PBXBuildFile; fileRef = DBF295FD2A47431E009C77A1 /* AddCityViewController.xib */; };
/* End PBXBuildFile section */

/* Begin PBXContainerItemProxy section */
		DB750E272A420E3000E4B07C /* PBXContainerItemProxy */ = {
			isa = PBXContainerItemProxy;
			containerPortal = DB750E052A420E2C00E4B07C /* Project object */;
			proxyType = 1;
			remoteGlobalIDString = DB750E0C2A420E2C00E4B07C;
			remoteInfo = MeteoApp;
		};
		DB750E312A420E3000E4B07C /* PBXContainerItemProxy */ = {
			isa = PBXContainerItemProxy;
			containerPortal = DB750E052A420E2C00E4B07C /* Project object */;
			proxyType = 1;
			remoteGlobalIDString = DB750E0C2A420E2C00E4B07C;
			remoteInfo = MeteoApp;
		};
/* End PBXContainerItemProxy section */

/* Begin PBXFileReference section */
		DB750E0D2A420E2C00E4B07C /* MeteoApp.app */ = {isa = PBXFileReference; explicitFileType = wrapper.application; includeInIndex = 0; path = MeteoApp.app; sourceTree = BUILT_PRODUCTS_DIR; };
		DB750E102A420E2C00E4B07C /* AppDelegate.swift */ = {isa = PBXFileReference; lastKnownFileType = sourcecode.swift; path = AppDelegate.swift; sourceTree = "<group>"; };
		DB750E1A2A420E2C00E4B07C /* MeteoApp.xcdatamodel */ = {isa = PBXFileReference; lastKnownFileType = wrapper.xcdatamodel; path = MeteoApp.xcdatamodel; sourceTree = "<group>"; };
		DB750E1C2A420E2F00E4B07C /* Assets.xcassets */ = {isa = PBXFileReference; lastKnownFileType = folder.assetcatalog; path = Assets.xcassets; sourceTree = "<group>"; };
		DB750E1F2A420E2F00E4B07C /* Base */ = {isa = PBXFileReference; lastKnownFileType = file.storyboard; name = Base; path = Base.lproj/LaunchScreen.storyboard; sourceTree = "<group>"; };
		DB750E212A420E2F00E4B07C /* Info.plist */ = {isa = PBXFileReference; lastKnownFileType = text.plist.xml; path = Info.plist; sourceTree = "<group>"; };
		DB750E262A420E3000E4B07C /* MeteoAppTests.xctest */ = {isa = PBXFileReference; explicitFileType = wrapper.cfbundle; includeInIndex = 0; path = MeteoAppTests.xctest; sourceTree = BUILT_PRODUCTS_DIR; };
		DB750E2A2A420E3000E4B07C /* MeteoAppTests.swift */ = {isa = PBXFileReference; lastKnownFileType = sourcecode.swift; path = MeteoAppTests.swift; sourceTree = "<group>"; };
		DB750E302A420E3000E4B07C /* MeteoAppUITests.xctest */ = {isa = PBXFileReference; explicitFileType = wrapper.cfbundle; includeInIndex = 0; path = MeteoAppUITests.xctest; sourceTree = BUILT_PRODUCTS_DIR; };
		DB750E342A420E3000E4B07C /* MeteoAppUITests.swift */ = {isa = PBXFileReference; lastKnownFileType = sourcecode.swift; path = MeteoAppUITests.swift; sourceTree = "<group>"; };
		DB750E362A420E3000E4B07C /* MeteoAppUITestsLaunchTests.swift */ = {isa = PBXFileReference; lastKnownFileType = sourcecode.swift; path = MeteoAppUITestsLaunchTests.swift; sourceTree = "<group>"; };
		DB750E442A4215B300E4B07C /* Bindable.swift */ = {isa = PBXFileReference; lastKnownFileType = sourcecode.swift; path = Bindable.swift; sourceTree = "<group>"; };
		DB750E462A421D6D00E4B07C /* MeteoAPI */ = {isa = PBXFileReference; lastKnownFileType = wrapper; path = MeteoAPI; sourceTree = "<group>"; };
		DB750E4A2A42368C00E4B07C /* MeteoService.swift */ = {isa = PBXFileReference; lastKnownFileType = sourcecode.swift; path = MeteoService.swift; sourceTree = "<group>"; };
		DB750E4E2A42371600E4B07C /* Constants.swift */ = {isa = PBXFileReference; lastKnownFileType = sourcecode.swift; path = Constants.swift; sourceTree = "<group>"; };
		DB750E512A4237CF00E4B07C /* CityResponse.swift */ = {isa = PBXFileReference; fileEncoding = 4; lastKnownFileType = sourcecode.swift; path = CityResponse.swift; sourceTree = "<group>"; };
		DB750E522A4237D000E4B07C /* Coord.swift */ = {isa = PBXFileReference; fileEncoding = 4; lastKnownFileType = sourcecode.swift; path = Coord.swift; sourceTree = "<group>"; };
		DB750E532A4237D000E4B07C /* Wind.swift */ = {isa = PBXFileReference; fileEncoding = 4; lastKnownFileType = sourcecode.swift; path = Wind.swift; sourceTree = "<group>"; };
		DB750E552A4237D000E4B07C /* WeatherDetails.swift */ = {isa = PBXFileReference; fileEncoding = 4; lastKnownFileType = sourcecode.swift; path = WeatherDetails.swift; sourceTree = "<group>"; };
		DB750E572A4237D100E4B07C /* Main.swift */ = {isa = PBXFileReference; fileEncoding = 4; lastKnownFileType = sourcecode.swift; path = Main.swift; sourceTree = "<group>"; };
		DB750E632A423AAD00E4B07C /* AddCityViewModel.swift */ = {isa = PBXFileReference; lastKnownFileType = sourcecode.swift; path = AddCityViewModel.swift; sourceTree = "<group>"; };
		DB750E672A42417E00E4B07C /* CityTableViewCell.swift */ = {isa = PBXFileReference; lastKnownFileType = sourcecode.swift; path = CityTableViewCell.swift; sourceTree = "<group>"; };
		DB750E682A42417E00E4B07C /* CityTableViewCell.xib */ = {isa = PBXFileReference; lastKnownFileType = file.xib; path = CityTableViewCell.xib; sourceTree = "<group>"; };
		DB750E6C2A42452B00E4B07C /* UITableView+extension.swift */ = {isa = PBXFileReference; lastKnownFileType = sourcecode.swift; path = "UITableView+extension.swift"; sourceTree = "<group>"; };
		DB750E6F2A42F10800E4B07C /* UIView+extension.swift */ = {isa = PBXFileReference; fileEncoding = 4; lastKnownFileType = sourcecode.swift; path = "UIView+extension.swift"; sourceTree = "<group>"; };
		DB750E712A42F2DE00E4B07C /* Colors.swift */ = {isa = PBXFileReference; lastKnownFileType = sourcecode.swift; path = Colors.swift; sourceTree = "<group>"; };
		DB750E732A42F38900E4B07C /* UIViewController+extension.swift */ = {isa = PBXFileReference; lastKnownFileType = sourcecode.swift; path = "UIViewController+extension.swift"; sourceTree = "<group>"; };
		DB750E752A42F58400E4B07C /* UIActivityIndicatorView+extension.swift */ = {isa = PBXFileReference; lastKnownFileType = sourcecode.swift; path = "UIActivityIndicatorView+extension.swift"; sourceTree = "<group>"; };
		DB750E772A42F86700E4B07C /* UIButton+extension.swift */ = {isa = PBXFileReference; lastKnownFileType = sourcecode.swift; path = "UIButton+extension.swift"; sourceTree = "<group>"; };
		DB7F331B2A4792750039D086 /* WeatherResponse.swift */ = {isa = PBXFileReference; lastKnownFileType = sourcecode.swift; path = WeatherResponse.swift; sourceTree = "<group>"; };
		DB7F331D2A484D340039D086 /* WeatherItem.swift */ = {isa = PBXFileReference; lastKnownFileType = sourcecode.swift; path = WeatherItem.swift; sourceTree = "<group>"; };
		DB7F33202A48A30B0039D086 /* CoreDataManager.swift */ = {isa = PBXFileReference; lastKnownFileType = sourcecode.swift; path = CoreDataManager.swift; sourceTree = "<group>"; };
		DB7F33222A48A7FA0039D086 /* SWeather+CoreDataClass.swift */ = {isa = PBXFileReference; lastKnownFileType = sourcecode.swift; path = "SWeather+CoreDataClass.swift"; sourceTree = "<group>"; };
		DB7F33232A48A7FA0039D086 /* SWeather+CoreDataProperties.swift */ = {isa = PBXFileReference; lastKnownFileType = sourcecode.swift; path = "SWeather+CoreDataProperties.swift"; sourceTree = "<group>"; };
		DB7F33242A48A7FA0039D086 /* SCity+CoreDataClass.swift */ = {isa = PBXFileReference; lastKnownFileType = sourcecode.swift; path = "SCity+CoreDataClass.swift"; sourceTree = "<group>"; };
		DB7F33252A48A7FA0039D086 /* SCity+CoreDataProperties.swift */ = {isa = PBXFileReference; lastKnownFileType = sourcecode.swift; path = "SCity+CoreDataProperties.swift"; sourceTree = "<group>"; };
		DB7F332B2A48B1630039D086 /* CitiesViewController.swift */ = {isa = PBXFileReference; fileEncoding = 4; lastKnownFileType = sourcecode.swift; path = CitiesViewController.swift; sourceTree = "<group>"; };
		DB7F332C2A48B1630039D086 /* CitiesViewController.xib */ = {isa = PBXFileReference; fileEncoding = 4; lastKnownFileType = file.xib; path = CitiesViewController.xib; sourceTree = "<group>"; };
		DBF295C42A434957009C77A1 /* CityCellViewModel.swift */ = {isa = PBXFileReference; lastKnownFileType = sourcecode.swift; path = CityCellViewModel.swift; sourceTree = "<group>"; };
		DBF295C62A434AAF009C77A1 /* UILabel+extension.swift */ = {isa = PBXFileReference; lastKnownFileType = sourcecode.swift; path = "UILabel+extension.swift"; sourceTree = "<group>"; };
		DBF295C82A434C88009C77A1 /* CityWeather.swift */ = {isa = PBXFileReference; lastKnownFileType = sourcecode.swift; path = CityWeather.swift; sourceTree = "<group>"; };
		DBF295CA2A446223009C77A1 /* UIImageView+extension.swift */ = {isa = PBXFileReference; lastKnownFileType = sourcecode.swift; path = "UIImageView+extension.swift"; sourceTree = "<group>"; };
		DBF295E32A44EC99009C77A1 /* AppCoordinator.swift */ = {isa = PBXFileReference; lastKnownFileType = sourcecode.swift; path = AppCoordinator.swift; sourceTree = "<group>"; };
		DBF295E52A44ECC9009C77A1 /* Coordinator.swift */ = {isa = PBXFileReference; lastKnownFileType = sourcecode.swift; path = Coordinator.swift; sourceTree = "<group>"; };
		DBF295EB2A46FC56009C77A1 /* DetailsViewController.swift */ = {isa = PBXFileReference; lastKnownFileType = sourcecode.swift; path = DetailsViewController.swift; sourceTree = "<group>"; };
		DBF295EC2A46FC56009C77A1 /* DetailsViewController.xib */ = {isa = PBXFileReference; lastKnownFileType = file.xib; path = DetailsViewController.xib; sourceTree = "<group>"; };
		DBF295EF2A46FCFB009C77A1 /* DetailsViewModel.swift */ = {isa = PBXFileReference; lastKnownFileType = sourcecode.swift; path = DetailsViewModel.swift; sourceTree = "<group>"; };
		DBF295F12A4717B7009C77A1 /* UICollectionView+extension.swift */ = {isa = PBXFileReference; lastKnownFileType = sourcecode.swift; path = "UICollectionView+extension.swift"; sourceTree = "<group>"; };
		DBF295F42A471ADC009C77A1 /* WeekCollectionViewCell.swift */ = {isa = PBXFileReference; lastKnownFileType = sourcecode.swift; path = WeekCollectionViewCell.swift; sourceTree = "<group>"; };
		DBF295F52A471ADC009C77A1 /* WeekCollectionViewCell.xib */ = {isa = PBXFileReference; lastKnownFileType = file.xib; path = WeekCollectionViewCell.xib; sourceTree = "<group>"; };
		DBF295F82A473ED7009C77A1 /* WeekCellViewModel.swift */ = {isa = PBXFileReference; lastKnownFileType = sourcecode.swift; path = WeekCellViewModel.swift; sourceTree = "<group>"; };
		DBF295FA2A474044009C77A1 /* CitiesViewModel.swift */ = {isa = PBXFileReference; lastKnownFileType = sourcecode.swift; path = CitiesViewModel.swift; sourceTree = "<group>"; };
		DBF295FC2A47431E009C77A1 /* AddCityViewController.swift */ = {isa = PBXFileReference; lastKnownFileType = sourcecode.swift; path = AddCityViewController.swift; sourceTree = "<group>"; };
		DBF295FD2A47431E009C77A1 /* AddCityViewController.xib */ = {isa = PBXFileReference; lastKnownFileType = file.xib; path = AddCityViewController.xib; sourceTree = "<group>"; };
/* End PBXFileReference section */

/* Begin PBXFrameworksBuildPhase section */
		DB750E0A2A420E2C00E4B07C /* Frameworks */ = {
			isa = PBXFrameworksBuildPhase;
			buildActionMask = 2147483647;
			files = (
				DB750E492A421DF900E4B07C /* MeteoAPI in Frameworks */,
			);
			runOnlyForDeploymentPostprocessing = 0;
		};
		DB750E232A420E3000E4B07C /* Frameworks */ = {
			isa = PBXFrameworksBuildPhase;
			buildActionMask = 2147483647;
			files = (
			);
			runOnlyForDeploymentPostprocessing = 0;
		};
		DB750E2D2A420E3000E4B07C /* Frameworks */ = {
			isa = PBXFrameworksBuildPhase;
			buildActionMask = 2147483647;
			files = (
			);
			runOnlyForDeploymentPostprocessing = 0;
		};
/* End PBXFrameworksBuildPhase section */

/* Begin PBXGroup section */
		DB750E042A420E2C00E4B07C = {
			isa = PBXGroup;
			children = (
				DB750E0F2A420E2C00E4B07C /* MeteoApp */,
				DB750E292A420E3000E4B07C /* MeteoAppTests */,
				DB750E332A420E3000E4B07C /* MeteoAppUITests */,
				DB750E462A421D6D00E4B07C /* MeteoAPI */,
				DB750E0E2A420E2C00E4B07C /* Products */,
				DB750E472A421DF900E4B07C /* Frameworks */,
			);
			sourceTree = "<group>";
		};
		DB750E0E2A420E2C00E4B07C /* Products */ = {
			isa = PBXGroup;
			children = (
				DB750E0D2A420E2C00E4B07C /* MeteoApp.app */,
				DB750E262A420E3000E4B07C /* MeteoAppTests.xctest */,
				DB750E302A420E3000E4B07C /* MeteoAppUITests.xctest */,
			);
			name = Products;
			sourceTree = "<group>";
		};
		DB750E0F2A420E2C00E4B07C /* MeteoApp */ = {
			isa = PBXGroup;
			children = (
				DB750E102A420E2C00E4B07C /* AppDelegate.swift */,
				DB750E5F2A42391C00E4B07C /* MVVM-C */,
				DB7F331F2A48A2EA0039D086 /* CoreData */,
				DB750E4D2A4236F000E4B07C /* Utils */,
				DB750E4C2A42369900E4B07C /* Services */,
				DB750E432A42154D00E4B07C /* Bindings */,
				DB750E6B2A4244FB00E4B07C /* Extensions */,
				DB750E1C2A420E2F00E4B07C /* Assets.xcassets */,
				DB750E1E2A420E2F00E4B07C /* LaunchScreen.storyboard */,
				DB750E212A420E2F00E4B07C /* Info.plist */,
				DB750E192A420E2C00E4B07C /* MeteoApp.xcdatamodeld */,
			);
			path = MeteoApp;
			sourceTree = "<group>";
		};
		DB750E292A420E3000E4B07C /* MeteoAppTests */ = {
			isa = PBXGroup;
			children = (
				DB750E2A2A420E3000E4B07C /* MeteoAppTests.swift */,
			);
			path = MeteoAppTests;
			sourceTree = "<group>";
		};
		DB750E332A420E3000E4B07C /* MeteoAppUITests */ = {
			isa = PBXGroup;
			children = (
				DB750E342A420E3000E4B07C /* MeteoAppUITests.swift */,
				DB750E362A420E3000E4B07C /* MeteoAppUITestsLaunchTests.swift */,
			);
			path = MeteoAppUITests;
			sourceTree = "<group>";
		};
		DB750E432A42154D00E4B07C /* Bindings */ = {
			isa = PBXGroup;
			children = (
				DB750E442A4215B300E4B07C /* Bindable.swift */,
			);
			path = Bindings;
			sourceTree = "<group>";
		};
		DB750E472A421DF900E4B07C /* Frameworks */ = {
			isa = PBXGroup;
			children = (
			);
			name = Frameworks;
			sourceTree = "<group>";
		};
		DB750E4C2A42369900E4B07C /* Services */ = {
			isa = PBXGroup;
			children = (
				DB750E4A2A42368C00E4B07C /* MeteoService.swift */,
			);
			path = Services;
			sourceTree = "<group>";
		};
		DB750E4D2A4236F000E4B07C /* Utils */ = {
			isa = PBXGroup;
			children = (
				DB750E4E2A42371600E4B07C /* Constants.swift */,
				DB750E712A42F2DE00E4B07C /* Colors.swift */,
			);
			path = Utils;
			sourceTree = "<group>";
		};
		DB750E502A42377000E4B07C /* Models */ = {
			isa = PBXGroup;
			children = (
				DB750E522A4237D000E4B07C /* Coord.swift */,
				DB750E572A4237D100E4B07C /* Main.swift */,
				DB750E552A4237D000E4B07C /* WeatherDetails.swift */,
				DB750E532A4237D000E4B07C /* Wind.swift */,
				DB750E512A4237CF00E4B07C /* CityResponse.swift */,
				DB7F331B2A4792750039D086 /* WeatherResponse.swift */,
				DBF295C82A434C88009C77A1 /* CityWeather.swift */,
				DB7F331D2A484D340039D086 /* WeatherItem.swift */,
			);
			path = Models;
			sourceTree = "<group>";
		};
		DB750E5F2A42391C00E4B07C /* MVVM-C */ = {
			isa = PBXGroup;
			children = (
				DBF295E22A44EC57009C77A1 /* Coordinators */,
				DB750E502A42377000E4B07C /* Models */,
				DB750E602A42393E00E4B07C /* Views */,
				DB750E612A42394F00E4B07C /* ViewModels */,
			);
			path = "MVVM-C";
			sourceTree = "<group>";
		};
		DB750E602A42393E00E4B07C /* Views */ = {
			isa = PBXGroup;
			children = (
				DB7F332A2A48B1450039D086 /* Cities */,
				DB750E622A4239D600E4B07C /* AddCity */,
				DBF295EA2A46FB82009C77A1 /* DetailsCityWeather */,
				DB750E6E2A42F0C200E4B07C /* CityCell */,
				DBF295F32A471AAE009C77A1 /* WeekCell */,
			);
			path = Views;
			sourceTree = "<group>";
		};
		DB750E612A42394F00E4B07C /* ViewModels */ = {
			isa = PBXGroup;
			children = (
				DBF295FA2A474044009C77A1 /* CitiesViewModel.swift */,
				DB750E632A423AAD00E4B07C /* AddCityViewModel.swift */,
				DBF295C42A434957009C77A1 /* CityCellViewModel.swift */,
				DBF295EF2A46FCFB009C77A1 /* DetailsViewModel.swift */,
				DBF295F82A473ED7009C77A1 /* WeekCellViewModel.swift */,
			);
			path = ViewModels;
			sourceTree = "<group>";
		};
		DB750E622A4239D600E4B07C /* AddCity */ = {
			isa = PBXGroup;
			children = (
				DBF295FC2A47431E009C77A1 /* AddCityViewController.swift */,
				DBF295FD2A47431E009C77A1 /* AddCityViewController.xib */,
			);
			path = AddCity;
			sourceTree = "<group>";
		};
		DB750E6B2A4244FB00E4B07C /* Extensions */ = {
			isa = PBXGroup;
			children = (
				DB750E6C2A42452B00E4B07C /* UITableView+extension.swift */,
				DBF295F12A4717B7009C77A1 /* UICollectionView+extension.swift */,
				DB750E772A42F86700E4B07C /* UIButton+extension.swift */,
				DB750E752A42F58400E4B07C /* UIActivityIndicatorView+extension.swift */,
				DB750E6F2A42F10800E4B07C /* UIView+extension.swift */,
				DB750E732A42F38900E4B07C /* UIViewController+extension.swift */,
				DBF295C62A434AAF009C77A1 /* UILabel+extension.swift */,
				DBF295CA2A446223009C77A1 /* UIImageView+extension.swift */,
			);
			path = Extensions;
			sourceTree = "<group>";
		};
		DB750E6E2A42F0C200E4B07C /* CityCell */ = {
			isa = PBXGroup;
			children = (
				DB750E672A42417E00E4B07C /* CityTableViewCell.swift */,
				DB750E682A42417E00E4B07C /* CityTableViewCell.xib */,
			);
			path = CityCell;
			sourceTree = "<group>";
		};
		DB7F331F2A48A2EA0039D086 /* CoreData */ = {
			isa = PBXGroup;
			children = (
				DB7F33202A48A30B0039D086 /* CoreDataManager.swift */,
				DB7F33222A48A7FA0039D086 /* SWeather+CoreDataClass.swift */,
				DB7F33232A48A7FA0039D086 /* SWeather+CoreDataProperties.swift */,
				DB7F33242A48A7FA0039D086 /* SCity+CoreDataClass.swift */,
				DB7F33252A48A7FA0039D086 /* SCity+CoreDataProperties.swift */,
			);
			path = CoreData;
			sourceTree = "<group>";
		};
		DB7F332A2A48B1450039D086 /* Cities */ = {
			isa = PBXGroup;
			children = (
				DB7F332B2A48B1630039D086 /* CitiesViewController.swift */,
				DB7F332C2A48B1630039D086 /* CitiesViewController.xib */,
			);
			path = Cities;
			sourceTree = "<group>";
		};
		DBF295E22A44EC57009C77A1 /* Coordinators */ = {
			isa = PBXGroup;
			children = (
				DBF295E52A44ECC9009C77A1 /* Coordinator.swift */,
				DBF295E32A44EC99009C77A1 /* AppCoordinator.swift */,
			);
			path = Coordinators;
			sourceTree = "<group>";
		};
		DBF295EA2A46FB82009C77A1 /* DetailsCityWeather */ = {
			isa = PBXGroup;
			children = (
				DBF295EB2A46FC56009C77A1 /* DetailsViewController.swift */,
				DBF295EC2A46FC56009C77A1 /* DetailsViewController.xib */,
			);
			path = DetailsCityWeather;
			sourceTree = "<group>";
		};
		DBF295F32A471AAE009C77A1 /* WeekCell */ = {
			isa = PBXGroup;
			children = (
				DBF295F42A471ADC009C77A1 /* WeekCollectionViewCell.swift */,
				DBF295F52A471ADC009C77A1 /* WeekCollectionViewCell.xib */,
			);
			path = WeekCell;
			sourceTree = "<group>";
		};
/* End PBXGroup section */

/* Begin PBXNativeTarget section */
		DB750E0C2A420E2C00E4B07C /* MeteoApp */ = {
			isa = PBXNativeTarget;
			buildConfigurationList = DB750E3A2A420E3000E4B07C /* Build configuration list for PBXNativeTarget "MeteoApp" */;
			buildPhases = (
				DB750E092A420E2C00E4B07C /* Sources */,
				DB750E0A2A420E2C00E4B07C /* Frameworks */,
				DB750E0B2A420E2C00E4B07C /* Resources */,
			);
			buildRules = (
			);
			dependencies = (
			);
			name = MeteoApp;
			packageProductDependencies = (
				DB750E482A421DF900E4B07C /* MeteoAPI */,
			);
			productName = MeteoApp;
			productReference = DB750E0D2A420E2C00E4B07C /* MeteoApp.app */;
			productType = "com.apple.product-type.application";
		};
		DB750E252A420E3000E4B07C /* MeteoAppTests */ = {
			isa = PBXNativeTarget;
			buildConfigurationList = DB750E3D2A420E3000E4B07C /* Build configuration list for PBXNativeTarget "MeteoAppTests" */;
			buildPhases = (
				DB750E222A420E3000E4B07C /* Sources */,
				DB750E232A420E3000E4B07C /* Frameworks */,
				DB750E242A420E3000E4B07C /* Resources */,
			);
			buildRules = (
			);
			dependencies = (
				DB750E282A420E3000E4B07C /* PBXTargetDependency */,
			);
			name = MeteoAppTests;
			productName = MeteoAppTests;
			productReference = DB750E262A420E3000E4B07C /* MeteoAppTests.xctest */;
			productType = "com.apple.product-type.bundle.unit-test";
		};
		DB750E2F2A420E3000E4B07C /* MeteoAppUITests */ = {
			isa = PBXNativeTarget;
			buildConfigurationList = DB750E402A420E3000E4B07C /* Build configuration list for PBXNativeTarget "MeteoAppUITests" */;
			buildPhases = (
				DB750E2C2A420E3000E4B07C /* Sources */,
				DB750E2D2A420E3000E4B07C /* Frameworks */,
				DB750E2E2A420E3000E4B07C /* Resources */,
			);
			buildRules = (
			);
			dependencies = (
				DB750E322A420E3000E4B07C /* PBXTargetDependency */,
			);
			name = MeteoAppUITests;
			productName = MeteoAppUITests;
			productReference = DB750E302A420E3000E4B07C /* MeteoAppUITests.xctest */;
			productType = "com.apple.product-type.bundle.ui-testing";
		};
/* End PBXNativeTarget section */

/* Begin PBXProject section */
		DB750E052A420E2C00E4B07C /* Project object */ = {
			isa = PBXProject;
			attributes = {
				BuildIndependentTargetsInParallel = 1;
				LastSwiftUpdateCheck = 1430;
				LastUpgradeCheck = 1430;
				TargetAttributes = {
					DB750E0C2A420E2C00E4B07C = {
						CreatedOnToolsVersion = 14.3.1;
					};
					DB750E252A420E3000E4B07C = {
						CreatedOnToolsVersion = 14.3.1;
						TestTargetID = DB750E0C2A420E2C00E4B07C;
					};
					DB750E2F2A420E3000E4B07C = {
						CreatedOnToolsVersion = 14.3.1;
						TestTargetID = DB750E0C2A420E2C00E4B07C;
					};
				};
			};
			buildConfigurationList = DB750E082A420E2C00E4B07C /* Build configuration list for PBXProject "MeteoApp" */;
			compatibilityVersion = "Xcode 14.0";
			developmentRegion = en;
			hasScannedForEncodings = 0;
			knownRegions = (
				en,
				Base,
			);
			mainGroup = DB750E042A420E2C00E4B07C;
			productRefGroup = DB750E0E2A420E2C00E4B07C /* Products */;
			projectDirPath = "";
			projectRoot = "";
			targets = (
				DB750E0C2A420E2C00E4B07C /* MeteoApp */,
				DB750E252A420E3000E4B07C /* MeteoAppTests */,
				DB750E2F2A420E3000E4B07C /* MeteoAppUITests */,
			);
		};
/* End PBXProject section */

/* Begin PBXResourcesBuildPhase section */
		DB750E0B2A420E2C00E4B07C /* Resources */ = {
			isa = PBXResourcesBuildPhase;
			buildActionMask = 2147483647;
			files = (
				DBF295F72A471ADC009C77A1 /* WeekCollectionViewCell.xib in Resources */,
				DBF295FF2A47431E009C77A1 /* AddCityViewController.xib in Resources */,
				DB750E202A420E2F00E4B07C /* LaunchScreen.storyboard in Resources */,
				DB750E1D2A420E2F00E4B07C /* Assets.xcassets in Resources */,
				DB750E6A2A42417E00E4B07C /* CityTableViewCell.xib in Resources */,
				DBF295EE2A46FC56009C77A1 /* DetailsViewController.xib in Resources */,
				DB7F332E2A48B1630039D086 /* CitiesViewController.xib in Resources */,
			);
			runOnlyForDeploymentPostprocessing = 0;
		};
		DB750E242A420E3000E4B07C /* Resources */ = {
			isa = PBXResourcesBuildPhase;
			buildActionMask = 2147483647;
			files = (
			);
			runOnlyForDeploymentPostprocessing = 0;
		};
		DB750E2E2A420E3000E4B07C /* Resources */ = {
			isa = PBXResourcesBuildPhase;
			buildActionMask = 2147483647;
			files = (
			);
			runOnlyForDeploymentPostprocessing = 0;
		};
/* End PBXResourcesBuildPhase section */

/* Begin PBXSourcesBuildPhase section */
		DB750E092A420E2C00E4B07C /* Sources */ = {
			isa = PBXSourcesBuildPhase;
			buildActionMask = 2147483647;
			files = (
				DB750E5C2A4237D100E4B07C /* WeatherDetails.swift in Sources */,
				DB750E1B2A420E2C00E4B07C /* MeteoApp.xcdatamodeld in Sources */,
				DB750E6D2A42452B00E4B07C /* UITableView+extension.swift in Sources */,
				DB7F331E2A484D340039D086 /* WeatherItem.swift in Sources */,
				DB750E762A42F58400E4B07C /* UIActivityIndicatorView+extension.swift in Sources */,
				DB750E692A42417E00E4B07C /* CityTableViewCell.swift in Sources */,
				DB750E4B2A42368C00E4B07C /* MeteoService.swift in Sources */,
				DB750E5A2A4237D100E4B07C /* Wind.swift in Sources */,
				DB750E5E2A4237D100E4B07C /* Main.swift in Sources */,
				DB7F33262A48A7FA0039D086 /* SWeather+CoreDataClass.swift in Sources */,
				DB750E592A4237D100E4B07C /* Coord.swift in Sources */,
				DB7F33282A48A7FA0039D086 /* SCity+CoreDataClass.swift in Sources */,
				DB7F332D2A48B1630039D086 /* CitiesViewController.swift in Sources */,
				DB750E452A4215B300E4B07C /* Bindable.swift in Sources */,
				DBF295C92A434C88009C77A1 /* CityWeather.swift in Sources */,
				DB750E112A420E2C00E4B07C /* AppDelegate.swift in Sources */,
				DB750E4F2A42371600E4B07C /* Constants.swift in Sources */,
				DB750E782A42F86700E4B07C /* UIButton+extension.swift in Sources */,
				DBF295F22A4717B7009C77A1 /* UICollectionView+extension.swift in Sources */,
				DB750E742A42F38900E4B07C /* UIViewController+extension.swift in Sources */,
				DBF295FB2A474044009C77A1 /* CitiesViewModel.swift in Sources */,
				DB750E722A42F2DE00E4B07C /* Colors.swift in Sources */,
				DBF295E62A44ECC9009C77A1 /* Coordinator.swift in Sources */,
				DB750E702A42F10800E4B07C /* UIView+extension.swift in Sources */,
				DB7F33272A48A7FA0039D086 /* SWeather+CoreDataProperties.swift in Sources */,
				DBF295E42A44EC99009C77A1 /* AppCoordinator.swift in Sources */,
				DBF295CB2A446223009C77A1 /* UIImageView+extension.swift in Sources */,
				DB750E582A4237D100E4B07C /* CityResponse.swift in Sources */,
				DB7F331C2A4792750039D086 /* WeatherResponse.swift in Sources */,
				DB7F33292A48A7FA0039D086 /* SCity+CoreDataProperties.swift in Sources */,
				DBF295C52A434957009C77A1 /* CityCellViewModel.swift in Sources */,
				DBF295F62A471ADC009C77A1 /* WeekCollectionViewCell.swift in Sources */,
				DBF295C72A434AAF009C77A1 /* UILabel+extension.swift in Sources */,
				DBF295F92A473ED7009C77A1 /* WeekCellViewModel.swift in Sources */,
				DBF295F02A46FCFB009C77A1 /* DetailsViewModel.swift in Sources */,
				DBF295FE2A47431E009C77A1 /* AddCityViewController.swift in Sources */,
				DB750E642A423AAD00E4B07C /* AddCityViewModel.swift in Sources */,
				DB7F33212A48A30B0039D086 /* CoreDataManager.swift in Sources */,
				DBF295ED2A46FC56009C77A1 /* DetailsViewController.swift in Sources */,
			);
			runOnlyForDeploymentPostprocessing = 0;
		};
		DB750E222A420E3000E4B07C /* Sources */ = {
			isa = PBXSourcesBuildPhase;
			buildActionMask = 2147483647;
			files = (
				DB750E2B2A420E3000E4B07C /* MeteoAppTests.swift in Sources */,
			);
			runOnlyForDeploymentPostprocessing = 0;
		};
		DB750E2C2A420E3000E4B07C /* Sources */ = {
			isa = PBXSourcesBuildPhase;
			buildActionMask = 2147483647;
			files = (
				DB750E372A420E3000E4B07C /* MeteoAppUITestsLaunchTests.swift in Sources */,
				DB750E352A420E3000E4B07C /* MeteoAppUITests.swift in Sources */,
			);
			runOnlyForDeploymentPostprocessing = 0;
		};
/* End PBXSourcesBuildPhase section */

/* Begin PBXTargetDependency section */
		DB750E282A420E3000E4B07C /* PBXTargetDependency */ = {
			isa = PBXTargetDependency;
			target = DB750E0C2A420E2C00E4B07C /* MeteoApp */;
			targetProxy = DB750E272A420E3000E4B07C /* PBXContainerItemProxy */;
		};
		DB750E322A420E3000E4B07C /* PBXTargetDependency */ = {
			isa = PBXTargetDependency;
			target = DB750E0C2A420E2C00E4B07C /* MeteoApp */;
			targetProxy = DB750E312A420E3000E4B07C /* PBXContainerItemProxy */;
		};
/* End PBXTargetDependency section */

/* Begin PBXVariantGroup section */
		DB750E1E2A420E2F00E4B07C /* LaunchScreen.storyboard */ = {
			isa = PBXVariantGroup;
			children = (
				DB750E1F2A420E2F00E4B07C /* Base */,
			);
			name = LaunchScreen.storyboard;
			sourceTree = "<group>";
		};
/* End PBXVariantGroup section */

/* Begin XCBuildConfiguration section */
		DB750E382A420E3000E4B07C /* Debug */ = {
			isa = XCBuildConfiguration;
			buildSettings = {
				ALWAYS_SEARCH_USER_PATHS = NO;
				CLANG_ANALYZER_NONNULL = YES;
				CLANG_ANALYZER_NUMBER_OBJECT_CONVERSION = YES_AGGRESSIVE;
				CLANG_CXX_LANGUAGE_STANDARD = "gnu++20";
				CLANG_ENABLE_MODULES = YES;
				CLANG_ENABLE_OBJC_ARC = YES;
				CLANG_ENABLE_OBJC_WEAK = YES;
				CLANG_WARN_BLOCK_CAPTURE_AUTORELEASING = YES;
				CLANG_WARN_BOOL_CONVERSION = YES;
				CLANG_WARN_COMMA = YES;
				CLANG_WARN_CONSTANT_CONVERSION = YES;
				CLANG_WARN_DEPRECATED_OBJC_IMPLEMENTATIONS = YES;
				CLANG_WARN_DIRECT_OBJC_ISA_USAGE = YES_ERROR;
				CLANG_WARN_DOCUMENTATION_COMMENTS = YES;
				CLANG_WARN_EMPTY_BODY = YES;
				CLANG_WARN_ENUM_CONVERSION = YES;
				CLANG_WARN_INFINITE_RECURSION = YES;
				CLANG_WARN_INT_CONVERSION = YES;
				CLANG_WARN_NON_LITERAL_NULL_CONVERSION = YES;
				CLANG_WARN_OBJC_IMPLICIT_RETAIN_SELF = YES;
				CLANG_WARN_OBJC_LITERAL_CONVERSION = YES;
				CLANG_WARN_OBJC_ROOT_CLASS = YES_ERROR;
				CLANG_WARN_QUOTED_INCLUDE_IN_FRAMEWORK_HEADER = YES;
				CLANG_WARN_RANGE_LOOP_ANALYSIS = YES;
				CLANG_WARN_STRICT_PROTOTYPES = YES;
				CLANG_WARN_SUSPICIOUS_MOVE = YES;
				CLANG_WARN_UNGUARDED_AVAILABILITY = YES_AGGRESSIVE;
				CLANG_WARN_UNREACHABLE_CODE = YES;
				CLANG_WARN__DUPLICATE_METHOD_MATCH = YES;
				COPY_PHASE_STRIP = NO;
				DEBUG_INFORMATION_FORMAT = dwarf;
				ENABLE_STRICT_OBJC_MSGSEND = YES;
				ENABLE_TESTABILITY = YES;
				GCC_C_LANGUAGE_STANDARD = gnu11;
				GCC_DYNAMIC_NO_PIC = NO;
				GCC_NO_COMMON_BLOCKS = YES;
				GCC_OPTIMIZATION_LEVEL = 0;
				GCC_PREPROCESSOR_DEFINITIONS = (
					"DEBUG=1",
					"$(inherited)",
				);
				GCC_WARN_64_TO_32_BIT_CONVERSION = YES;
				GCC_WARN_ABOUT_RETURN_TYPE = YES_ERROR;
				GCC_WARN_UNDECLARED_SELECTOR = YES;
				GCC_WARN_UNINITIALIZED_AUTOS = YES_AGGRESSIVE;
				GCC_WARN_UNUSED_FUNCTION = YES;
				GCC_WARN_UNUSED_VARIABLE = YES;
				IPHONEOS_DEPLOYMENT_TARGET = 16.4;
				MTL_ENABLE_DEBUG_INFO = INCLUDE_SOURCE;
				MTL_FAST_MATH = YES;
				ONLY_ACTIVE_ARCH = YES;
				SDKROOT = iphoneos;
				SWIFT_ACTIVE_COMPILATION_CONDITIONS = DEBUG;
				SWIFT_OPTIMIZATION_LEVEL = "-Onone";
			};
			name = Debug;
		};
		DB750E392A420E3000E4B07C /* Release */ = {
			isa = XCBuildConfiguration;
			buildSettings = {
				ALWAYS_SEARCH_USER_PATHS = NO;
				CLANG_ANALYZER_NONNULL = YES;
				CLANG_ANALYZER_NUMBER_OBJECT_CONVERSION = YES_AGGRESSIVE;
				CLANG_CXX_LANGUAGE_STANDARD = "gnu++20";
				CLANG_ENABLE_MODULES = YES;
				CLANG_ENABLE_OBJC_ARC = YES;
				CLANG_ENABLE_OBJC_WEAK = YES;
				CLANG_WARN_BLOCK_CAPTURE_AUTORELEASING = YES;
				CLANG_WARN_BOOL_CONVERSION = YES;
				CLANG_WARN_COMMA = YES;
				CLANG_WARN_CONSTANT_CONVERSION = YES;
				CLANG_WARN_DEPRECATED_OBJC_IMPLEMENTATIONS = YES;
				CLANG_WARN_DIRECT_OBJC_ISA_USAGE = YES_ERROR;
				CLANG_WARN_DOCUMENTATION_COMMENTS = YES;
				CLANG_WARN_EMPTY_BODY = YES;
				CLANG_WARN_ENUM_CONVERSION = YES;
				CLANG_WARN_INFINITE_RECURSION = YES;
				CLANG_WARN_INT_CONVERSION = YES;
				CLANG_WARN_NON_LITERAL_NULL_CONVERSION = YES;
				CLANG_WARN_OBJC_IMPLICIT_RETAIN_SELF = YES;
				CLANG_WARN_OBJC_LITERAL_CONVERSION = YES;
				CLANG_WARN_OBJC_ROOT_CLASS = YES_ERROR;
				CLANG_WARN_QUOTED_INCLUDE_IN_FRAMEWORK_HEADER = YES;
				CLANG_WARN_RANGE_LOOP_ANALYSIS = YES;
				CLANG_WARN_STRICT_PROTOTYPES = YES;
				CLANG_WARN_SUSPICIOUS_MOVE = YES;
				CLANG_WARN_UNGUARDED_AVAILABILITY = YES_AGGRESSIVE;
				CLANG_WARN_UNREACHABLE_CODE = YES;
				CLANG_WARN__DUPLICATE_METHOD_MATCH = YES;
				COPY_PHASE_STRIP = NO;
				DEBUG_INFORMATION_FORMAT = "dwarf-with-dsym";
				ENABLE_NS_ASSERTIONS = NO;
				ENABLE_STRICT_OBJC_MSGSEND = YES;
				GCC_C_LANGUAGE_STANDARD = gnu11;
				GCC_NO_COMMON_BLOCKS = YES;
				GCC_WARN_64_TO_32_BIT_CONVERSION = YES;
				GCC_WARN_ABOUT_RETURN_TYPE = YES_ERROR;
				GCC_WARN_UNDECLARED_SELECTOR = YES;
				GCC_WARN_UNINITIALIZED_AUTOS = YES_AGGRESSIVE;
				GCC_WARN_UNUSED_FUNCTION = YES;
				GCC_WARN_UNUSED_VARIABLE = YES;
				IPHONEOS_DEPLOYMENT_TARGET = 16.4;
				MTL_ENABLE_DEBUG_INFO = NO;
				MTL_FAST_MATH = YES;
				SDKROOT = iphoneos;
				SWIFT_COMPILATION_MODE = wholemodule;
				SWIFT_OPTIMIZATION_LEVEL = "-O";
				VALIDATE_PRODUCT = YES;
			};
			name = Release;
		};
		DB750E3B2A420E3000E4B07C /* Debug */ = {
			isa = XCBuildConfiguration;
			buildSettings = {
				ASSETCATALOG_COMPILER_APPICON_NAME = AppIcon;
				ASSETCATALOG_COMPILER_GLOBAL_ACCENT_COLOR_NAME = AccentColor;
				CODE_SIGN_STYLE = Automatic;
				CURRENT_PROJECT_VERSION = 1;
				GENERATE_INFOPLIST_FILE = YES;
				INFOPLIST_FILE = MeteoApp/Info.plist;
				INFOPLIST_KEY_UIApplicationSupportsIndirectInputEvents = YES;
				INFOPLIST_KEY_UILaunchStoryboardName = LaunchScreen;
				INFOPLIST_KEY_UISupportedInterfaceOrientations_iPad = "UIInterfaceOrientationPortrait UIInterfaceOrientationPortraitUpsideDown UIInterfaceOrientationLandscapeLeft UIInterfaceOrientationLandscapeRight";
				INFOPLIST_KEY_UISupportedInterfaceOrientations_iPhone = "UIInterfaceOrientationPortrait UIInterfaceOrientationLandscapeLeft UIInterfaceOrientationLandscapeRight";
				IPHONEOS_DEPLOYMENT_TARGET = 11.0;
				LD_RUNPATH_SEARCH_PATHS = (
					"$(inherited)",
					"@executable_path/Frameworks",
				);
				MARKETING_VERSION = 1.0;
				PRODUCT_BUNDLE_IDENTIFIER = benabdessalemwajih.dev.MeteoApp;
				PRODUCT_NAME = "$(TARGET_NAME)";
				SWIFT_EMIT_LOC_STRINGS = YES;
				SWIFT_VERSION = 5.0;
				TARGETED_DEVICE_FAMILY = "1,2";
			};
			name = Debug;
		};
		DB750E3C2A420E3000E4B07C /* Release */ = {
			isa = XCBuildConfiguration;
			buildSettings = {
				ASSETCATALOG_COMPILER_APPICON_NAME = AppIcon;
				ASSETCATALOG_COMPILER_GLOBAL_ACCENT_COLOR_NAME = AccentColor;
				CODE_SIGN_STYLE = Automatic;
				CURRENT_PROJECT_VERSION = 1;
				GENERATE_INFOPLIST_FILE = YES;
				INFOPLIST_FILE = MeteoApp/Info.plist;
				INFOPLIST_KEY_UIApplicationSupportsIndirectInputEvents = YES;
				INFOPLIST_KEY_UILaunchStoryboardName = LaunchScreen;
				INFOPLIST_KEY_UISupportedInterfaceOrientations_iPad = "UIInterfaceOrientationPortrait UIInterfaceOrientationPortraitUpsideDown UIInterfaceOrientationLandscapeLeft UIInterfaceOrientationLandscapeRight";
				INFOPLIST_KEY_UISupportedInterfaceOrientations_iPhone = "UIInterfaceOrientationPortrait UIInterfaceOrientationLandscapeLeft UIInterfaceOrientationLandscapeRight";
				IPHONEOS_DEPLOYMENT_TARGET = 11.0;
				LD_RUNPATH_SEARCH_PATHS = (
					"$(inherited)",
					"@executable_path/Frameworks",
				);
				MARKETING_VERSION = 1.0;
				PRODUCT_BUNDLE_IDENTIFIER = benabdessalemwajih.dev.MeteoApp;
				PRODUCT_NAME = "$(TARGET_NAME)";
				SWIFT_EMIT_LOC_STRINGS = YES;
				SWIFT_VERSION = 5.0;
				TARGETED_DEVICE_FAMILY = "1,2";
			};
			name = Release;
		};
		DB750E3E2A420E3000E4B07C /* Debug */ = {
			isa = XCBuildConfiguration;
			buildSettings = {
				ALWAYS_EMBED_SWIFT_STANDARD_LIBRARIES = YES;
				BUNDLE_LOADER = "$(TEST_HOST)";
				CODE_SIGN_STYLE = Automatic;
				CURRENT_PROJECT_VERSION = 1;
				GENERATE_INFOPLIST_FILE = YES;
				IPHONEOS_DEPLOYMENT_TARGET = 16.4;
				MARKETING_VERSION = 1.0;
				PRODUCT_BUNDLE_IDENTIFIER = benabdessalemwajih.dev.MeteoAppTests;
				PRODUCT_NAME = "$(TARGET_NAME)";
				SWIFT_EMIT_LOC_STRINGS = NO;
				SWIFT_VERSION = 5.0;
				TARGETED_DEVICE_FAMILY = "1,2";
				TEST_HOST = "$(BUILT_PRODUCTS_DIR)/MeteoApp.app/$(BUNDLE_EXECUTABLE_FOLDER_PATH)/MeteoApp";
			};
			name = Debug;
		};
		DB750E3F2A420E3000E4B07C /* Release */ = {
			isa = XCBuildConfiguration;
			buildSettings = {
				ALWAYS_EMBED_SWIFT_STANDARD_LIBRARIES = YES;
				BUNDLE_LOADER = "$(TEST_HOST)";
				CODE_SIGN_STYLE = Automatic;
				CURRENT_PROJECT_VERSION = 1;
				GENERATE_INFOPLIST_FILE = YES;
				IPHONEOS_DEPLOYMENT_TARGET = 16.4;
				MARKETING_VERSION = 1.0;
				PRODUCT_BUNDLE_IDENTIFIER = benabdessalemwajih.dev.MeteoAppTests;
				PRODUCT_NAME = "$(TARGET_NAME)";
				SWIFT_EMIT_LOC_STRINGS = NO;
				SWIFT_VERSION = 5.0;
				TARGETED_DEVICE_FAMILY = "1,2";
				TEST_HOST = "$(BUILT_PRODUCTS_DIR)/MeteoApp.app/$(BUNDLE_EXECUTABLE_FOLDER_PATH)/MeteoApp";
			};
			name = Release;
		};
		DB750E412A420E3000E4B07C /* Debug */ = {
			isa = XCBuildConfiguration;
			buildSettings = {
				ALWAYS_EMBED_SWIFT_STANDARD_LIBRARIES = YES;
				CODE_SIGN_STYLE = Automatic;
				CURRENT_PROJECT_VERSION = 1;
				GENERATE_INFOPLIST_FILE = YES;
				MARKETING_VERSION = 1.0;
				PRODUCT_BUNDLE_IDENTIFIER = benabdessalemwajih.dev.MeteoAppUITests;
				PRODUCT_NAME = "$(TARGET_NAME)";
				SWIFT_EMIT_LOC_STRINGS = NO;
				SWIFT_VERSION = 5.0;
				TARGETED_DEVICE_FAMILY = "1,2";
				TEST_TARGET_NAME = MeteoApp;
			};
			name = Debug;
		};
		DB750E422A420E3000E4B07C /* Release */ = {
			isa = XCBuildConfiguration;
			buildSettings = {
				ALWAYS_EMBED_SWIFT_STANDARD_LIBRARIES = YES;
				CODE_SIGN_STYLE = Automatic;
				CURRENT_PROJECT_VERSION = 1;
				GENERATE_INFOPLIST_FILE = YES;
				MARKETING_VERSION = 1.0;
				PRODUCT_BUNDLE_IDENTIFIER = benabdessalemwajih.dev.MeteoAppUITests;
				PRODUCT_NAME = "$(TARGET_NAME)";
				SWIFT_EMIT_LOC_STRINGS = NO;
				SWIFT_VERSION = 5.0;
				TARGETED_DEVICE_FAMILY = "1,2";
				TEST_TARGET_NAME = MeteoApp;
			};
			name = Release;
		};
/* End XCBuildConfiguration section */

/* Begin XCConfigurationList section */
		DB750E082A420E2C00E4B07C /* Build configuration list for PBXProject "MeteoApp" */ = {
			isa = XCConfigurationList;
			buildConfigurations = (
				DB750E382A420E3000E4B07C /* Debug */,
				DB750E392A420E3000E4B07C /* Release */,
			);
			defaultConfigurationIsVisible = 0;
			defaultConfigurationName = Release;
		};
		DB750E3A2A420E3000E4B07C /* Build configuration list for PBXNativeTarget "MeteoApp" */ = {
			isa = XCConfigurationList;
			buildConfigurations = (
				DB750E3B2A420E3000E4B07C /* Debug */,
				DB750E3C2A420E3000E4B07C /* Release */,
			);
			defaultConfigurationIsVisible = 0;
			defaultConfigurationName = Release;
		};
		DB750E3D2A420E3000E4B07C /* Build configuration list for PBXNativeTarget "MeteoAppTests" */ = {
			isa = XCConfigurationList;
			buildConfigurations = (
				DB750E3E2A420E3000E4B07C /* Debug */,
				DB750E3F2A420E3000E4B07C /* Release */,
			);
			defaultConfigurationIsVisible = 0;
			defaultConfigurationName = Release;
		};
		DB750E402A420E3000E4B07C /* Build configuration list for PBXNativeTarget "MeteoAppUITests" */ = {
			isa = XCConfigurationList;
			buildConfigurations = (
				DB750E412A420E3000E4B07C /* Debug */,
				DB750E422A420E3000E4B07C /* Release */,
			);
			defaultConfigurationIsVisible = 0;
			defaultConfigurationName = Release;
		};
/* End XCConfigurationList section */

/* Begin XCSwiftPackageProductDependency section */
		DB750E482A421DF900E4B07C /* MeteoAPI */ = {
			isa = XCSwiftPackageProductDependency;
			productName = MeteoAPI;
		};
/* End XCSwiftPackageProductDependency section */

/* Begin XCVersionGroup section */
		DB750E192A420E2C00E4B07C /* MeteoApp.xcdatamodeld */ = {
			isa = XCVersionGroup;
			children = (
				DB750E1A2A420E2C00E4B07C /* MeteoApp.xcdatamodel */,
			);
			currentVersion = DB750E1A2A420E2C00E4B07C /* MeteoApp.xcdatamodel */;
			path = MeteoApp.xcdatamodeld;
			sourceTree = "<group>";
			versionGroupType = wrapper.xcdatamodel;
		};
/* End XCVersionGroup section */
	};
	rootObject = DB750E052A420E2C00E4B07C /* Project object */;
}
